
Microsoft Visual Studio Solution File, Format Version 12.00
# Visual Studio Version 17
VisualStudioVersion = 17.7.34018.315
MinimumVisualStudioVersion = 10.0.40219.1
Project("{F184B08F-C81C-45F6-A57F-5ABD9991F28F}") = "dnstester", "dnstester\dnstester.vbproj", "{021FDF7C-CF6B-401A-A930-78371C3A25EF}"
EndProject
Global
	GlobalSection(SolutionConfigurationPlatforms) = preSolution
		Debug|Any CPU = Debug|Any CPU
		Release|Any CPU = Release|Any CPU
	EndGlobalSection
	GlobalSection(ProjectConfigurationPlatforms) = postSolution
		{021FDF7C-CF6B-401A-A930-78371C3A25EF}.Debug|Any CPU.ActiveCfg = Debug|Any CPU
		{021FDF7C-CF6B-401A-A930-78371C3A25EF}.Debug|Any CPU.Build.0 = Debug|Any CPU
		{021FDF7C-CF6B-401A-A930-78371C3A25EF}.Release|Any CPU.ActiveCfg = Release|Any CPU
		{021FDF7C-CF6B-401A-A930-78371C3A25EF}.Release|Any CPU.Build.0 = Release|Any CPU
	EndGlobalSection
	GlobalSection(SolutionProperties) = preSolution
		HideSolutionNode = FALSE
	EndGlobalSection
	GlobalSection(ExtensibilityGlobals) = postSolution
		SolutionGuid = {063455B6-0F2C-48FC-911F-1DCED8B04096}
	EndGlobalSection
EndGlobal
